// !$*UTF8*$!
{
	archiveVersion = 1;
	classes = {
	};
	objectVersion = 77;
	objects = {

/* Begin PBXBuildFile section */
		6A7F2A952CFDC08C00447A9E /* Preview Assets.xcassets in Resources */ = {isa = PBXBuildFile; fileRef = 6A7F2A8F2CFDC08C00447A9E /* Preview Assets.xcassets */; };
		6A7F2A962CFDC08C00447A9E /* Assets.xcassets in Resources */ = {isa = PBXBuildFile; fileRef = 6A7F2A912CFDC08C00447A9E /* Assets.xcassets */; };
		6A7F2A972CFDC08C00447A9E /* ChatsApp.swift in Sources */ = {isa = PBXBuildFile; fileRef = 6A7F2A922CFDC08C00447A9E /* ChatsApp.swift */; };
		6A7F2A982CFDC08C00447A9E /* ContentView.swift in Sources */ = {isa = PBXBuildFile; fileRef = 6A7F2A932CFDC08C00447A9E /* ContentView.swift */; };
		6A7F2A9E2CFDC0E600447A9E /* ChatClientRepository.swift in Sources */ = {isa = PBXBuildFile; fileRef = 6A7F2A9D2CFDC0DA00447A9E /* ChatClientRepository.swift */; };
		6A7F2AA02CFDC10400447A9E /* ChatService.swift in Sources */ = {isa = PBXBuildFile; fileRef = 6A7F2A9F2CFDC0FD00447A9E /* ChatService.swift */; };
		6A7F2AA62CFDC19E00447A9E /* MessageRepository.swift in Sources */ = {isa = PBXBuildFile; fileRef = 6A7F2AA52CFDC19B00447A9E /* MessageRepository.swift */; };
		6A7F2AA82CFDC1EE00447A9E /* MemberRepository.swift in Sources */ = {isa = PBXBuildFile; fileRef = 6A7F2AA72CFDC1E900447A9E /* MemberRepository.swift */; };
		6A7F2AAA2CFDC20400447A9E /* ChannelService.swift in Sources */ = {isa = PBXBuildFile; fileRef = 6A7F2AA92CFDC1FF00447A9E /* ChannelService.swift */; };
		6A7F2AAC2CFDC20B00447A9E /* UserService.swift in Sources */ = {isa = PBXBuildFile; fileRef = 6A7F2AAB2CFDC20800447A9E /* UserService.swift */; };
		6A7F2AAF2CFDC29F00447A9E /* ChatError.swift in Sources */ = {isa = PBXBuildFile; fileRef = 6A7F2AAE2CFDC29B00447A9E /* ChatError.swift */; };
		6A7F2AB22CFDC2EE00447A9E /* MessageService.swift in Sources */ = {isa = PBXBuildFile; fileRef = 6A7F2AB12CFDC2E900447A9E /* MessageService.swift */; };
		6A7F2AB32CFDC3E800447A9E /* ChatUser.swift in Sources */ = {isa = PBXBuildFile; fileRef = 6A7F2AA22CFDC11800447A9E /* ChatUser.swift */; };
		6A7F2AB42CFDC3E800447A9E /* ChatChannel.swift in Sources */ = {isa = PBXBuildFile; fileRef = 6A7F2AA32CFDC11A00447A9E /* ChatChannel.swift */; };
		6A7F2AB52CFDC3E800447A9E /* ChatMessage.swift in Sources */ = {isa = PBXBuildFile; fileRef = 6A7F2AA12CFDC11600447A9E /* ChatMessage.swift */; };
		6A7F2AB72CFDC60900447A9E /* NetworkClient.swift in Sources */ = {isa = PBXBuildFile; fileRef = 6A7F2AB62CFDC60500447A9E /* NetworkClient.swift */; };
		6A7F2AB92CFDC63200447A9E /* HTTPMethod.swift in Sources */ = {isa = PBXBuildFile; fileRef = 6A7F2AB82CFDC62F00447A9E /* HTTPMethod.swift */; };
		6A7F2ABB2CFDC64600447A9E /* NetworkError.swift in Sources */ = {isa = PBXBuildFile; fileRef = 6A7F2ABA2CFDC64100447A9E /* NetworkError.swift */; };
		6A7F2ABD2CFDC65500447A9E /* PaginationRequest.swift in Sources */ = {isa = PBXBuildFile; fileRef = 6A7F2ABC2CFDC64E00447A9E /* PaginationRequest.swift */; };
		6A7F2ABF2CFDC66800447A9E /* PaginationResponse.swift in Sources */ = {isa = PBXBuildFile; fileRef = 6A7F2ABE2CFDC66400447A9E /* PaginationResponse.swift */; };
		6A7F2AC12CFDC71500447A9E /* MessageServiceError.swift in Sources */ = {isa = PBXBuildFile; fileRef = 6A7F2AC02CFDC71300447A9E /* MessageServiceError.swift */; };
/* End PBXBuildFile section */

/* Begin PBXFileReference section */
		6A7F2A7E2CFDC05F00447A9E /* Chats.app */ = {isa = PBXFileReference; explicitFileType = wrapper.application; includeInIndex = 0; path = Chats.app; sourceTree = BUILT_PRODUCTS_DIR; };
		6A7F2A8F2CFDC08C00447A9E /* Preview Assets.xcassets */ = {isa = PBXFileReference; lastKnownFileType = folder.assetcatalog; path = "Preview Assets.xcassets"; sourceTree = "<group>"; };
		6A7F2A912CFDC08C00447A9E /* Assets.xcassets */ = {isa = PBXFileReference; lastKnownFileType = folder.assetcatalog; path = Assets.xcassets; sourceTree = "<group>"; };
		6A7F2A922CFDC08C00447A9E /* ChatsApp.swift */ = {isa = PBXFileReference; lastKnownFileType = sourcecode.swift; path = ChatsApp.swift; sourceTree = "<group>"; };
		6A7F2A932CFDC08C00447A9E /* ContentView.swift */ = {isa = PBXFileReference; lastKnownFileType = sourcecode.swift; path = ContentView.swift; sourceTree = "<group>"; };
		6A7F2A9D2CFDC0DA00447A9E /* ChatClientRepository.swift */ = {isa = PBXFileReference; lastKnownFileType = sourcecode.swift; path = ChatClientRepository.swift; sourceTree = "<group>"; };
		6A7F2A9F2CFDC0FD00447A9E /* ChatService.swift */ = {isa = PBXFileReference; lastKnownFileType = sourcecode.swift; path = ChatService.swift; sourceTree = "<group>"; };
		6A7F2AA12CFDC11600447A9E /* ChatMessage.swift */ = {isa = PBXFileReference; lastKnownFileType = sourcecode.swift; path = ChatMessage.swift; sourceTree = "<group>"; };
		6A7F2AA22CFDC11800447A9E /* ChatUser.swift */ = {isa = PBXFileReference; lastKnownFileType = sourcecode.swift; path = ChatUser.swift; sourceTree = "<group>"; };
		6A7F2AA32CFDC11A00447A9E /* ChatChannel.swift */ = {isa = PBXFileReference; lastKnownFileType = sourcecode.swift; path = ChatChannel.swift; sourceTree = "<group>"; };
		6A7F2AA42CFDC19800447A9E /* ChannelRepository.swift */ = {isa = PBXFileReference; lastKnownFileType = sourcecode.swift; path = ChannelRepository.swift; sourceTree = "<group>"; };
		6A7F2AA52CFDC19B00447A9E /* MessageRepository.swift */ = {isa = PBXFileReference; lastKnownFileType = sourcecode.swift; path = MessageRepository.swift; sourceTree = "<group>"; };
		6A7F2AA72CFDC1E900447A9E /* MemberRepository.swift */ = {isa = PBXFileReference; lastKnownFileType = sourcecode.swift; path = MemberRepository.swift; sourceTree = "<group>"; };
		6A7F2AA92CFDC1FF00447A9E /* ChannelService.swift */ = {isa = PBXFileReference; lastKnownFileType = sourcecode.swift; path = ChannelService.swift; sourceTree = "<group>"; };
		6A7F2AAB2CFDC20800447A9E /* UserService.swift */ = {isa = PBXFileReference; lastKnownFileType = sourcecode.swift; path = UserService.swift; sourceTree = "<group>"; };
		6A7F2AAE2CFDC29B00447A9E /* ChatError.swift */ = {isa = PBXFileReference; lastKnownFileType = sourcecode.swift; path = ChatError.swift; sourceTree = "<group>"; };
		6A7F2AB12CFDC2E900447A9E /* MessageService.swift */ = {isa = PBXFileReference; lastKnownFileType = sourcecode.swift; path = MessageService.swift; sourceTree = "<group>"; };
		6A7F2AB62CFDC60500447A9E /* NetworkClient.swift */ = {isa = PBXFileReference; lastKnownFileType = sourcecode.swift; path = NetworkClient.swift; sourceTree = "<group>"; };
		6A7F2AB82CFDC62F00447A9E /* HTTPMethod.swift */ = {isa = PBXFileReference; lastKnownFileType = sourcecode.swift; path = HTTPMethod.swift; sourceTree = "<group>"; };
		6A7F2ABA2CFDC64100447A9E /* NetworkError.swift */ = {isa = PBXFileReference; lastKnownFileType = sourcecode.swift; path = NetworkError.swift; sourceTree = "<group>"; };
		6A7F2ABC2CFDC64E00447A9E /* PaginationRequest.swift */ = {isa = PBXFileReference; lastKnownFileType = sourcecode.swift; path = PaginationRequest.swift; sourceTree = "<group>"; };
		6A7F2ABE2CFDC66400447A9E /* PaginationResponse.swift */ = {isa = PBXFileReference; lastKnownFileType = sourcecode.swift; path = PaginationResponse.swift; sourceTree = "<group>"; };
		6A7F2AC02CFDC71300447A9E /* MessageServiceError.swift */ = {isa = PBXFileReference; lastKnownFileType = sourcecode.swift; path = MessageServiceError.swift; sourceTree = "<group>"; };
/* End PBXFileReference section */

/* Begin PBXFrameworksBuildPhase section */
		6A7F2A7B2CFDC05F00447A9E /* Frameworks */ = {
			isa = PBXFrameworksBuildPhase;
			buildActionMask = 2147483647;
			files = (
			);
			runOnlyForDeploymentPostprocessing = 0;
		};
/* End PBXFrameworksBuildPhase section */

/* Begin PBXGroup section */
		6A7F2A752CFDC05F00447A9E = {
			isa = PBXGroup;
			children = (
				6A7F2A942CFDC08C00447A9E /* Chats */,
				6A7F2A7F2CFDC05F00447A9E /* Products */,
			);
			sourceTree = "<group>";
		};
		6A7F2A7F2CFDC05F00447A9E /* Products */ = {
			isa = PBXGroup;
			children = (
				6A7F2A7E2CFDC05F00447A9E /* Chats.app */,
			);
			name = Products;
			sourceTree = "<group>";
		};
		6A7F2A902CFDC08C00447A9E /* Preview Content */ = {
			isa = PBXGroup;
			children = (
				6A7F2A8F2CFDC08C00447A9E /* Preview Assets.xcassets */,
			);
			path = "Preview Content";
			sourceTree = "<group>";
		};
		6A7F2A942CFDC08C00447A9E /* Chats */ = {
			isa = PBXGroup;
			children = (
				6A7F2AAD2CFDC29200447A9E /* Utils */,
				6A7F2A9C2CFDC0BC00447A9E /* Models */,
				6A7F2A9B2CFDC0B400447A9E /* Service */,
				6A7F2A9A2CFDC0A900447A9E /* Repository */,
				6A7F2A902CFDC08C00447A9E /* Preview Content */,
				6A7F2A912CFDC08C00447A9E /* Assets.xcassets */,
				6A7F2A922CFDC08C00447A9E /* ChatsApp.swift */,
				6A7F2A932CFDC08C00447A9E /* ContentView.swift */,
			);
			path = Chats;
			sourceTree = "<group>";
		};
		6A7F2A9A2CFDC0A900447A9E /* Repository */ = {
			isa = PBXGroup;
			children = (
				6A7F2AA72CFDC1E900447A9E /* MemberRepository.swift */,
				6A7F2AA52CFDC19B00447A9E /* MessageRepository.swift */,
				6A7F2AA42CFDC19800447A9E /* ChannelRepository.swift */,
				6A7F2A9D2CFDC0DA00447A9E /* ChatClientRepository.swift */,
			);
			path = Repository;
			sourceTree = "<group>";
		};
		6A7F2A9B2CFDC0B400447A9E /* Service */ = {
			isa = PBXGroup;
			children = (
				6A7F2AB12CFDC2E900447A9E /* MessageService.swift */,
				6A7F2AAB2CFDC20800447A9E /* UserService.swift */,
				6A7F2AA92CFDC1FF00447A9E /* ChannelService.swift */,
				6A7F2A9F2CFDC0FD00447A9E /* ChatService.swift */,
			);
			path = Service;
			sourceTree = "<group>";
		};
		6A7F2A9C2CFDC0BC00447A9E /* Models */ = {
			isa = PBXGroup;
			children = (
				6A7F2ABE2CFDC66400447A9E /* PaginationResponse.swift */,
				6A7F2AA32CFDC11A00447A9E /* ChatChannel.swift */,
				6A7F2AA22CFDC11800447A9E /* ChatUser.swift */,
				6A7F2AA12CFDC11600447A9E /* ChatMessage.swift */,
			);
			path = Models;
			sourceTree = "<group>";
		};
		6A7F2AAD2CFDC29200447A9E /* Utils */ = {
			isa = PBXGroup;
			children = (
				6A7F2AC02CFDC71300447A9E /* MessageServiceError.swift */,
				6A7F2ABC2CFDC64E00447A9E /* PaginationRequest.swift */,
				6A7F2ABA2CFDC64100447A9E /* NetworkError.swift */,
				6A7F2AB82CFDC62F00447A9E /* HTTPMethod.swift */,
				6A7F2AB62CFDC60500447A9E /* NetworkClient.swift */,
				6A7F2AAE2CFDC29B00447A9E /* ChatError.swift */,
			);
			path = Utils;
			sourceTree = "<group>";
		};
/* End PBXGroup section */

/* Begin PBXNativeTarget section */
		6A7F2A7D2CFDC05F00447A9E /* Chats */ = {
			isa = PBXNativeTarget;
			buildConfigurationList = 6A7F2A8C2CFDC06200447A9E /* Build configuration list for PBXNativeTarget "Chats" */;
			buildPhases = (
				6A7F2A7A2CFDC05F00447A9E /* Sources */,
				6A7F2A7B2CFDC05F00447A9E /* Frameworks */,
				6A7F2A7C2CFDC05F00447A9E /* Resources */,
			);
			buildRules = (
			);
			dependencies = (
			);
			name = Chats;
			packageProductDependencies = (
			);
			productName = Chats;
			productReference = 6A7F2A7E2CFDC05F00447A9E /* Chats.app */;
			productType = "com.apple.product-type.application";
		};
/* End PBXNativeTarget section */

/* Begin PBXProject section */
		6A7F2A762CFDC05F00447A9E /* Project object */ = {
			isa = PBXProject;
			attributes = {
				BuildIndependentTargetsInParallel = 1;
				LastSwiftUpdateCheck = 1610;
				LastUpgradeCheck = 1610;
				TargetAttributes = {
					6A7F2A7D2CFDC05F00447A9E = {
						CreatedOnToolsVersion = 16.1;
					};
				};
			};
			buildConfigurationList = 6A7F2A792CFDC05F00447A9E /* Build configuration list for PBXProject "Chats" */;
			developmentRegion = en;
			hasScannedForEncodings = 0;
			knownRegions = (
				en,
				Base,
			);
			mainGroup = 6A7F2A752CFDC05F00447A9E;
			minimizedProjectReferenceProxies = 1;
			preferredProjectObjectVersion = 77;
			productRefGroup = 6A7F2A7F2CFDC05F00447A9E /* Products */;
			projectDirPath = "";
			projectRoot = "";
			targets = (
				6A7F2A7D2CFDC05F00447A9E /* Chats */,
			);
		};
/* End PBXProject section */

/* Begin PBXResourcesBuildPhase section */
		6A7F2A7C2CFDC05F00447A9E /* Resources */ = {
			isa = PBXResourcesBuildPhase;
			buildActionMask = 2147483647;
			files = (
				6A7F2A952CFDC08C00447A9E /* Preview Assets.xcassets in Resources */,
				6A7F2A962CFDC08C00447A9E /* Assets.xcassets in Resources */,
			);
			runOnlyForDeploymentPostprocessing = 0;
		};
/* End PBXResourcesBuildPhase section */

/* Begin PBXSourcesBuildPhase section */
		6A7F2A7A2CFDC05F00447A9E /* Sources */ = {
			isa = PBXSourcesBuildPhase;
			buildActionMask = 2147483647;
			files = (
				6A7F2A972CFDC08C00447A9E /* ChatsApp.swift in Sources */,
				6A7F2ABB2CFDC64600447A9E /* NetworkError.swift in Sources */,
				6A7F2ABF2CFDC66800447A9E /* PaginationResponse.swift in Sources */,
				6A7F2AAA2CFDC20400447A9E /* ChannelService.swift in Sources */,
				6A7F2AA02CFDC10400447A9E /* ChatService.swift in Sources */,
				6A7F2AA62CFDC19E00447A9E /* MessageRepository.swift in Sources */,
				6A7F2AAC2CFDC20B00447A9E /* UserService.swift in Sources */,
				6A7F2AB32CFDC3E800447A9E /* ChatUser.swift in Sources */,
				6A7F2AB42CFDC3E800447A9E /* ChatChannel.swift in Sources */,
				6A7F2AC12CFDC71500447A9E /* MessageServiceError.swift in Sources */,
				6A7F2ABD2CFDC65500447A9E /* PaginationRequest.swift in Sources */,
				6A7F2AB52CFDC3E800447A9E /* ChatMessage.swift in Sources */,
				6A7F2AB92CFDC63200447A9E /* HTTPMethod.swift in Sources */,
				6A7F2AB22CFDC2EE00447A9E /* MessageService.swift in Sources */,
				6A7F2A982CFDC08C00447A9E /* ContentView.swift in Sources */,
				6A7F2AAF2CFDC29F00447A9E /* ChatError.swift in Sources */,
				6A7F2AB72CFDC60900447A9E /* NetworkClient.swift in Sources */,
				6A7F2A9E2CFDC0E600447A9E /* ChatClientRepository.swift in Sources */,
				6A7F2AA82CFDC1EE00447A9E /* MemberRepository.swift in Sources */,
			);
			runOnlyForDeploymentPostprocessing = 0;
		};
/* End PBXSourcesBuildPhase section */

/* Begin XCBuildConfiguration section */
		6A7F2A8A2CFDC06200447A9E /* Debug */ = {
			isa = XCBuildConfiguration;
			buildSettings = {
				ALWAYS_SEARCH_USER_PATHS = NO;
				ASSETCATALOG_COMPILER_GENERATE_SWIFT_ASSET_SYMBOL_EXTENSIONS = YES;
				CLANG_ANALYZER_NONNULL = YES;
				CLANG_ANALYZER_NUMBER_OBJECT_CONVERSION = YES_AGGRESSIVE;
				CLANG_CXX_LANGUAGE_STANDARD = "gnu++20";
				CLANG_ENABLE_MODULES = YES;
				CLANG_ENABLE_OBJC_ARC = YES;
				CLANG_ENABLE_OBJC_WEAK = YES;
				CLANG_WARN_BLOCK_CAPTURE_AUTORELEASING = YES;
				CLANG_WARN_BOOL_CONVERSION = YES;
				CLANG_WARN_COMMA = YES;
				CLANG_WARN_CONSTANT_CONVERSION = YES;
				CLANG_WARN_DEPRECATED_OBJC_IMPLEMENTATIONS = YES;
				CLANG_WARN_DIRECT_OBJC_ISA_USAGE = YES_ERROR;
				CLANG_WARN_DOCUMENTATION_COMMENTS = YES;
				CLANG_WARN_EMPTY_BODY = YES;
				CLANG_WARN_ENUM_CONVERSION = YES;
				CLANG_WARN_INFINITE_RECURSION = YES;
				CLANG_WARN_INT_CONVERSION = YES;
				CLANG_WARN_NON_LITERAL_NULL_CONVERSION = YES;
				CLANG_WARN_OBJC_IMPLICIT_RETAIN_SELF = YES;
				CLANG_WARN_OBJC_LITERAL_CONVERSION = YES;
				CLANG_WARN_OBJC_ROOT_CLASS = YES_ERROR;
				CLANG_WARN_QUOTED_INCLUDE_IN_FRAMEWORK_HEADER = YES;
				CLANG_WARN_RANGE_LOOP_ANALYSIS = YES;
				CLANG_WARN_STRICT_PROTOTYPES = YES;
				CLANG_WARN_SUSPICIOUS_MOVE = YES;
				CLANG_WARN_UNGUARDED_AVAILABILITY = YES_AGGRESSIVE;
				CLANG_WARN_UNREACHABLE_CODE = YES;
				CLANG_WARN__DUPLICATE_METHOD_MATCH = YES;
				COPY_PHASE_STRIP = NO;
				DEBUG_INFORMATION_FORMAT = dwarf;
				ENABLE_STRICT_OBJC_MSGSEND = YES;
				ENABLE_TESTABILITY = YES;
				ENABLE_USER_SCRIPT_SANDBOXING = YES;
				GCC_C_LANGUAGE_STANDARD = gnu17;
				GCC_DYNAMIC_NO_PIC = NO;
				GCC_NO_COMMON_BLOCKS = YES;
				GCC_OPTIMIZATION_LEVEL = 0;
				GCC_PREPROCESSOR_DEFINITIONS = (
					"DEBUG=1",
					"$(inherited)",
				);
				GCC_WARN_64_TO_32_BIT_CONVERSION = YES;
				GCC_WARN_ABOUT_RETURN_TYPE = YES_ERROR;
				GCC_WARN_UNDECLARED_SELECTOR = YES;
				GCC_WARN_UNINITIALIZED_AUTOS = YES_AGGRESSIVE;
				GCC_WARN_UNUSED_FUNCTION = YES;
				GCC_WARN_UNUSED_VARIABLE = YES;
				IPHONEOS_DEPLOYMENT_TARGET = 18.1;
				LOCALIZATION_PREFERS_STRING_CATALOGS = YES;
				MTL_ENABLE_DEBUG_INFO = INCLUDE_SOURCE;
				MTL_FAST_MATH = YES;
				ONLY_ACTIVE_ARCH = YES;
				SDKROOT = iphoneos;
				SWIFT_ACTIVE_COMPILATION_CONDITIONS = "DEBUG $(inherited)";
				SWIFT_OPTIMIZATION_LEVEL = "-Onone";
			};
			name = Debug;
		};
		6A7F2A8B2CFDC06200447A9E /* Release */ = {
			isa = XCBuildConfiguration;
			buildSettings = {
				ALWAYS_SEARCH_USER_PATHS = NO;
				ASSETCATALOG_COMPILER_GENERATE_SWIFT_ASSET_SYMBOL_EXTENSIONS = YES;
				CLANG_ANALYZER_NONNULL = YES;
				CLANG_ANALYZER_NUMBER_OBJECT_CONVERSION = YES_AGGRESSIVE;
				CLANG_CXX_LANGUAGE_STANDARD = "gnu++20";
				CLANG_ENABLE_MODULES = YES;
				CLANG_ENABLE_OBJC_ARC = YES;
				CLANG_ENABLE_OBJC_WEAK = YES;
				CLANG_WARN_BLOCK_CAPTURE_AUTORELEASING = YES;
				CLANG_WARN_BOOL_CONVERSION = YES;
				CLANG_WARN_COMMA = YES;
				CLANG_WARN_CONSTANT_CONVERSION = YES;
				CLANG_WARN_DEPRECATED_OBJC_IMPLEMENTATIONS = YES;
				CLANG_WARN_DIRECT_OBJC_ISA_USAGE = YES_ERROR;
				CLANG_WARN_DOCUMENTATION_COMMENTS = YES;
				CLANG_WARN_EMPTY_BODY = YES;
				CLANG_WARN_ENUM_CONVERSION = YES;
				CLANG_WARN_INFINITE_RECURSION = YES;
				CLANG_WARN_INT_CONVERSION = YES;
				CLANG_WARN_NON_LITERAL_NULL_CONVERSION = YES;
				CLANG_WARN_OBJC_IMPLICIT_RETAIN_SELF = YES;
				CLANG_WARN_OBJC_LITERAL_CONVERSION = YES;
				CLANG_WARN_OBJC_ROOT_CLASS = YES_ERROR;
				CLANG_WARN_QUOTED_INCLUDE_IN_FRAMEWORK_HEADER = YES;
				CLANG_WARN_RANGE_LOOP_ANALYSIS = YES;
				CLANG_WARN_STRICT_PROTOTYPES = YES;
				CLANG_WARN_SUSPICIOUS_MOVE = YES;
				CLANG_WARN_UNGUARDED_AVAILABILITY = YES_AGGRESSIVE;
				CLANG_WARN_UNREACHABLE_CODE = YES;
				CLANG_WARN__DUPLICATE_METHOD_MATCH = YES;
				COPY_PHASE_STRIP = NO;
				DEBUG_INFORMATION_FORMAT = "dwarf-with-dsym";
				ENABLE_NS_ASSERTIONS = NO;
				ENABLE_STRICT_OBJC_MSGSEND = YES;
				ENABLE_USER_SCRIPT_SANDBOXING = YES;
				GCC_C_LANGUAGE_STANDARD = gnu17;
				GCC_NO_COMMON_BLOCKS = YES;
				GCC_WARN_64_TO_32_BIT_CONVERSION = YES;
				GCC_WARN_ABOUT_RETURN_TYPE = YES_ERROR;
				GCC_WARN_UNDECLARED_SELECTOR = YES;
				GCC_WARN_UNINITIALIZED_AUTOS = YES_AGGRESSIVE;
				GCC_WARN_UNUSED_FUNCTION = YES;
				GCC_WARN_UNUSED_VARIABLE = YES;
				IPHONEOS_DEPLOYMENT_TARGET = 18.1;
				LOCALIZATION_PREFERS_STRING_CATALOGS = YES;
				MTL_ENABLE_DEBUG_INFO = NO;
				MTL_FAST_MATH = YES;
				SDKROOT = iphoneos;
				SWIFT_COMPILATION_MODE = wholemodule;
				VALIDATE_PRODUCT = YES;
			};
			name = Release;
		};
		6A7F2A8D2CFDC06200447A9E /* Debug */ = {
			isa = XCBuildConfiguration;
			buildSettings = {
				ASSETCATALOG_COMPILER_APPICON_NAME = AppIcon;
				ASSETCATALOG_COMPILER_GLOBAL_ACCENT_COLOR_NAME = AccentColor;
				CODE_SIGN_STYLE = Automatic;
				CURRENT_PROJECT_VERSION = 1;
				DEVELOPMENT_ASSET_PATHS = "\"Chats/Preview Content\"";
				ENABLE_PREVIEWS = YES;
				GENERATE_INFOPLIST_FILE = YES;
				INFOPLIST_KEY_UIApplicationSceneManifest_Generation = YES;
				INFOPLIST_KEY_UIApplicationSupportsIndirectInputEvents = YES;
				INFOPLIST_KEY_UILaunchScreen_Generation = YES;
				INFOPLIST_KEY_UISupportedInterfaceOrientations_iPad = "UIInterfaceOrientationPortrait UIInterfaceOrientationPortraitUpsideDown UIInterfaceOrientationLandscapeLeft UIInterfaceOrientationLandscapeRight";
				INFOPLIST_KEY_UISupportedInterfaceOrientations_iPhone = "UIInterfaceOrientationPortrait UIInterfaceOrientationLandscapeLeft UIInterfaceOrientationLandscapeRight";
				LD_RUNPATH_SEARCH_PATHS = (
					"$(inherited)",
					"@executable_path/Frameworks",
				);
				MARKETING_VERSION = 1.0;
				PRODUCT_BUNDLE_IDENTIFIER = com.lena.Chats;
				PRODUCT_NAME = "$(TARGET_NAME)";
				SWIFT_EMIT_LOC_STRINGS = YES;
				SWIFT_VERSION = 5.0;
				TARGETED_DEVICE_FAMILY = "1,2";
			};
			name = Debug;
		};
		6A7F2A8E2CFDC06200447A9E /* Release */ = {
			isa = XCBuildConfiguration;
			buildSettings = {
				ASSETCATALOG_COMPILER_APPICON_NAME = AppIcon;
				ASSETCATALOG_COMPILER_GLOBAL_ACCENT_COLOR_NAME = AccentColor;
				CODE_SIGN_STYLE = Automatic;
				CURRENT_PROJECT_VERSION = 1;
				DEVELOPMENT_ASSET_PATHS = "\"Chats/Preview Content\"";
				ENABLE_PREVIEWS = YES;
				GENERATE_INFOPLIST_FILE = YES;
				INFOPLIST_KEY_UIApplicationSceneManifest_Generation = YES;
				INFOPLIST_KEY_UIApplicationSupportsIndirectInputEvents = YES;
				INFOPLIST_KEY_UILaunchScreen_Generation = YES;
				INFOPLIST_KEY_UISupportedInterfaceOrientations_iPad = "UIInterfaceOrientationPortrait UIInterfaceOrientationPortraitUpsideDown UIInterfaceOrientationLandscapeLeft UIInterfaceOrientationLandscapeRight";
				INFOPLIST_KEY_UISupportedInterfaceOrientations_iPhone = "UIInterfaceOrientationPortrait UIInterfaceOrientationLandscapeLeft UIInterfaceOrientationLandscapeRight";
				LD_RUNPATH_SEARCH_PATHS = (
					"$(inherited)",
					"@executable_path/Frameworks",
				);
				MARKETING_VERSION = 1.0;
				PRODUCT_BUNDLE_IDENTIFIER = com.lena.Chats;
				PRODUCT_NAME = "$(TARGET_NAME)";
				SWIFT_EMIT_LOC_STRINGS = YES;
				SWIFT_VERSION = 5.0;
				TARGETED_DEVICE_FAMILY = "1,2";
			};
			name = Release;
		};
/* End XCBuildConfiguration section */

/* Begin XCConfigurationList section */
		6A7F2A792CFDC05F00447A9E /* Build configuration list for PBXProject "Chats" */ = {
			isa = XCConfigurationList;
			buildConfigurations = (
				6A7F2A8A2CFDC06200447A9E /* Debug */,
				6A7F2A8B2CFDC06200447A9E /* Release */,
			);
			defaultConfigurationIsVisible = 0;
			defaultConfigurationName = Release;
		};
		6A7F2A8C2CFDC06200447A9E /* Build configuration list for PBXNativeTarget "Chats" */ = {
			isa = XCConfigurationList;
			buildConfigurations = (
				6A7F2A8D2CFDC06200447A9E /* Debug */,
				6A7F2A8E2CFDC06200447A9E /* Release */,
			);
			defaultConfigurationIsVisible = 0;
			defaultConfigurationName = Release;
		};
/* End XCConfigurationList section */
	};
	rootObject = 6A7F2A762CFDC05F00447A9E /* Project object */;
}
